
Microsoft Visual Studio Solution File, Format Version 12.00
# Visual Studio Version 17
VisualStudioVersion = 17.1.32228.430
MinimumVisualStudioVersion = 10.0.40219.1
Project("{9A19103F-16F7-4668-BE54-9A1E7A4F7556}") = "Provadolilão.web", "Provadolilão.web\Provadolilão.web.csproj", "{C438CE46-EF32-48BD-8DBB-16E804336F77}"
EndProject
Project("{9A19103F-16F7-4668-BE54-9A1E7A4F7556}") = "ProvadoLilão.Api", "ProvadoLilão.Api\ProvadoLilão.Api.csproj", "{7017B95E-E808-45B3-82C5-2D335D41FBA1}"
EndProject
Project("{9A19103F-16F7-4668-BE54-9A1E7A4F7556}") = "ProvadoLilão.core", "ProvadoLilão.core\ProvadoLilão.core.csproj", "{CF45A215-791A-4DCE-B244-F62E457CE57C}"
EndProject
Global
	GlobalSection(SolutionConfigurationPlatforms) = preSolution
		Debug|Any CPU = Debug|Any CPU
		Release|Any CPU = Release|Any CPU
	EndGlobalSection
	GlobalSection(ProjectConfigurationPlatforms) = postSolution
		{C438CE46-EF32-48BD-8DBB-16E804336F77}.Debug|Any CPU.ActiveCfg = Debug|Any CPU
		{C438CE46-EF32-48BD-8DBB-16E804336F77}.Debug|Any CPU.Build.0 = Debug|Any CPU
		{C438CE46-EF32-48BD-8DBB-16E804336F77}.Release|Any CPU.ActiveCfg = Release|Any CPU
		{C438CE46-EF32-48BD-8DBB-16E804336F77}.Release|Any CPU.Build.0 = Release|Any CPU
		{7017B95E-E808-45B3-82C5-2D335D41FBA1}.Debug|Any CPU.ActiveCfg = Debug|Any CPU
		{7017B95E-E808-45B3-82C5-2D335D41FBA1}.Debug|Any CPU.Build.0 = Debug|Any CPU
		{7017B95E-E808-45B3-82C5-2D335D41FBA1}.Release|Any CPU.ActiveCfg = Release|Any CPU
		{7017B95E-E808-45B3-82C5-2D335D41FBA1}.Release|Any CPU.Build.0 = Release|Any CPU
		{CF45A215-791A-4DCE-B244-F62E457CE57C}.Debug|Any CPU.ActiveCfg = Debug|Any CPU
		{CF45A215-791A-4DCE-B244-F62E457CE57C}.Debug|Any CPU.Build.0 = Debug|Any CPU
		{CF45A215-791A-4DCE-B244-F62E457CE57C}.Release|Any CPU.ActiveCfg = Release|Any CPU
		{CF45A215-791A-4DCE-B244-F62E457CE57C}.Release|Any CPU.Build.0 = Release|Any CPU
	EndGlobalSection
	GlobalSection(SolutionProperties) = preSolution
		HideSolutionNode = FALSE
	EndGlobalSection
	GlobalSection(ExtensibilityGlobals) = postSolution
		SolutionGuid = {41670009-CB0B-48C4-9AC4-1E99B85268E3}
	EndGlobalSection
EndGlobal
